// !$*UTF8*$!
{
	archiveVersion = 1;
	classes = {
	};
	objectVersion = 50;
	objects = {

/* Begin PBXBuildFile section */
		257E793E304BEE79AA53B760 /* DashboardViewController.swift in Sources */ = {isa = PBXBuildFile; fileRef = 33BCFDDD7DE6C71815F65F00 /* DashboardViewController.swift */; };
		497AFCEF54BFE0328155DBF3 /* DashboardViewInput.swift in Sources */ = {isa = PBXBuildFile; fileRef = 6AB3BE250CF47826B1862DA5 /* DashboardViewInput.swift */; };
		4C68669A23B6FBE0001E164F /* AppDelegate.swift in Sources */ = {isa = PBXBuildFile; fileRef = 4C68669923B6FBE0001E164F /* AppDelegate.swift */; };
		4C68669C23B6FBE0001E164F /* SceneDelegate.swift in Sources */ = {isa = PBXBuildFile; fileRef = 4C68669B23B6FBE0001E164F /* SceneDelegate.swift */; };
		4C6866A123B6FBE0001E164F /* Main.storyboard in Resources */ = {isa = PBXBuildFile; fileRef = 4C68669F23B6FBE0001E164F /* Main.storyboard */; };
		4C6866A323B6FBE4001E164F /* Assets.xcassets in Resources */ = {isa = PBXBuildFile; fileRef = 4C6866A223B6FBE4001E164F /* Assets.xcassets */; };
		4C6866A623B6FBE4001E164F /* LaunchScreen.storyboard in Resources */ = {isa = PBXBuildFile; fileRef = 4C6866A423B6FBE4001E164F /* LaunchScreen.storyboard */; };
		4C6866B123B6FBE5001E164F /* WhipMobilityTests.swift in Sources */ = {isa = PBXBuildFile; fileRef = 4C6866B023B6FBE5001E164F /* WhipMobilityTests.swift */; };
		4C6866BC23B6FBE5001E164F /* WhipMobilityUITests.swift in Sources */ = {isa = PBXBuildFile; fileRef = 4C6866BB23B6FBE5001E164F /* WhipMobilityUITests.swift */; };
		4C68672923B738B9001E164F /* ServiceItems.swift in Sources */ = {isa = PBXBuildFile; fileRef = 4C68671A23B738B3001E164F /* ServiceItems.swift */; };
		4C68672A23B738B9001E164F /* Data.swift in Sources */ = {isa = PBXBuildFile; fileRef = 4C68671B23B738B4001E164F /* Data.swift */; };
		4C68672B23B738B9001E164F /* LineItems.swift in Sources */ = {isa = PBXBuildFile; fileRef = 4C68671C23B738B4001E164F /* LineItems.swift */; };
		4C68672C23B738B9001E164F /* Analytics.swift in Sources */ = {isa = PBXBuildFile; fileRef = 4C68671D23B738B4001E164F /* Analytics.swift */; };
		4C68672D23B738B9001E164F /* JobItems.swift in Sources */ = {isa = PBXBuildFile; fileRef = 4C68671E23B738B5001E164F /* JobItems.swift */; };
		4C68672E23B738B9001E164F /* Rating.swift in Sources */ = {isa = PBXBuildFile; fileRef = 4C68671F23B738B5001E164F /* Rating.swift */; };
		4C68672F23B738B9001E164F /* PieChartItems.swift in Sources */ = {isa = PBXBuildFile; fileRef = 4C68672023B738B5001E164F /* PieChartItems.swift */; };
		4C68673023B738B9001E164F /* LineCharts.swift in Sources */ = {isa = PBXBuildFile; fileRef = 4C68672123B738B6001E164F /* LineCharts.swift */; };
		4C68673123B738B9001E164F /* Response.swift in Sources */ = {isa = PBXBuildFile; fileRef = 4C68672223B738B6001E164F /* Response.swift */; };
		4C68673223B738B9001E164F /* DashboardModel.swift in Sources */ = {isa = PBXBuildFile; fileRef = 4C68672323B738B7001E164F /* DashboardModel.swift */; };
		4C68673323B738B9001E164F /* Job.swift in Sources */ = {isa = PBXBuildFile; fileRef = 4C68672423B738B7001E164F /* Job.swift */; };
		4C68673423B738B9001E164F /* Service.swift in Sources */ = {isa = PBXBuildFile; fileRef = 4C68672523B738B7001E164F /* Service.swift */; };
		4C68673523B738B9001E164F /* Value.swift in Sources */ = {isa = PBXBuildFile; fileRef = 4C68672623B738B8001E164F /* Value.swift */; };
		4C68673623B738B9001E164F /* RatingItems.swift in Sources */ = {isa = PBXBuildFile; fileRef = 4C68672723B738B8001E164F /* RatingItems.swift */; };
		4C68673723B738B9001E164F /* PieCharts.swift in Sources */ = {isa = PBXBuildFile; fileRef = 4C68672823B738B9001E164F /* PieCharts.swift */; };
		4C68673923B739EF001E164F /* DataManager.swift in Sources */ = {isa = PBXBuildFile; fileRef = 4C68673823B739EF001E164F /* DataManager.swift */; };
		5399E0DD2D2AF3A8C74D966F /* DashboardRouter.swift in Sources */ = {isa = PBXBuildFile; fileRef = 86AF6FE035F6B2ECEF62B6CE /* DashboardRouter.swift */; };
		6ED0FE9C22EC1C83B4B73BA0 /* DashboardConfiguratorTests.swift in Sources */ = {isa = PBXBuildFile; fileRef = 0E3AF9CD6338485AF7DA188E /* DashboardConfiguratorTests.swift */; };
		7C9756A30E3A8AE15583F9A1 /* DashboardInteractorInput.swift in Sources */ = {isa = PBXBuildFile; fileRef = 52CF54FDFF0FBFEBAC3E1606 /* DashboardInteractorInput.swift */; };
		94458073E1F46B30548CFFC0 /* DashboardConfigurator.swift in Sources */ = {isa = PBXBuildFile; fileRef = F851AC5669F46304709E2874 /* DashboardConfigurator.swift */; };
		98F2C2FEA8A9A4165145A4C1 /* DashboardPresenter.swift in Sources */ = {isa = PBXBuildFile; fileRef = 2F4F517B81426294B460DB7D /* DashboardPresenter.swift */; };
		A9AD22050FF1FE3B88607D20 /* DashboardInitializer.swift in Sources */ = {isa = PBXBuildFile; fileRef = 22B089365B7937B4F0A959D1 /* DashboardInitializer.swift */; };
		AD01C56A31D511D0C7F913A6 /* DashboardInteractorOutput.swift in Sources */ = {isa = PBXBuildFile; fileRef = 0F7DDE85DF50826B43524F05 /* DashboardInteractorOutput.swift */; };
		B03F9C34FDC103B77CF4F045 /* DashboardViewTests.swift in Sources */ = {isa = PBXBuildFile; fileRef = 56B94D6C74E0D1FC078A4000 /* DashboardViewTests.swift */; };
		B25619E6B2E9108D0E587B79 /* DashboardViewOutput.swift in Sources */ = {isa = PBXBuildFile; fileRef = 0A5B3566379283D14844D8DC /* DashboardViewOutput.swift */; };
		BE3FD21CE71B4739D0B32518 /* DashboardRouterTests.swift in Sources */ = {isa = PBXBuildFile; fileRef = A3B0919C8A5BC6DEFEA3CA10 /* DashboardRouterTests.swift */; };
		CCCB0346FEFD962291A957CD /* DashboardRouterInput.swift in Sources */ = {isa = PBXBuildFile; fileRef = BBE8C4EC7887A5B3644E22EF /* DashboardRouterInput.swift */; };
		CFD0627FF396469A60EC6364 /* DashboardModuleInput.swift in Sources */ = {isa = PBXBuildFile; fileRef = B131DAC2BD35042436C22C8D /* DashboardModuleInput.swift */; };
		D2B779C97C0664E9E410A294 /* DashboardPresenterTests.swift in Sources */ = {isa = PBXBuildFile; fileRef = 4A185A3833E943DCE6034784 /* DashboardPresenterTests.swift */; };
		F43918C9EF24534E5E54B2CB /* DashboardInteractorTests.swift in Sources */ = {isa = PBXBuildFile; fileRef = B52EBA977520705F9F9BBB11 /* DashboardInteractorTests.swift */; };
		FD40D05C773E3DAC30C5E3CD /* DashboardInteractor.swift in Sources */ = {isa = PBXBuildFile; fileRef = A64376CFF2FCE63381BB0558 /* DashboardInteractor.swift */; };
/* End PBXBuildFile section */

/* Begin PBXContainerItemProxy section */
		4C6866AD23B6FBE5001E164F /* PBXContainerItemProxy */ = {
			isa = PBXContainerItemProxy;
			containerPortal = 4C68668E23B6FBE0001E164F /* Project object */;
			proxyType = 1;
			remoteGlobalIDString = 4C68669523B6FBE0001E164F;
			remoteInfo = WhipMobility;
		};
		4C6866B823B6FBE5001E164F /* PBXContainerItemProxy */ = {
			isa = PBXContainerItemProxy;
			containerPortal = 4C68668E23B6FBE0001E164F /* Project object */;
			proxyType = 1;
			remoteGlobalIDString = 4C68669523B6FBE0001E164F;
			remoteInfo = WhipMobility;
		};
/* End PBXContainerItemProxy section */

/* Begin PBXFileReference section */
		0A5B3566379283D14844D8DC /* DashboardViewOutput.swift */ = {isa = PBXFileReference; includeInIndex = 1; lastKnownFileType = sourcecode.swift; path = DashboardViewOutput.swift; sourceTree = "<group>"; };
		0E3AF9CD6338485AF7DA188E /* DashboardConfiguratorTests.swift */ = {isa = PBXFileReference; includeInIndex = 1; lastKnownFileType = sourcecode.swift; path = DashboardConfiguratorTests.swift; sourceTree = "<group>"; };
		0F7DDE85DF50826B43524F05 /* DashboardInteractorOutput.swift */ = {isa = PBXFileReference; includeInIndex = 1; lastKnownFileType = sourcecode.swift; path = DashboardInteractorOutput.swift; sourceTree = "<group>"; };
		22B089365B7937B4F0A959D1 /* DashboardInitializer.swift */ = {isa = PBXFileReference; includeInIndex = 1; lastKnownFileType = sourcecode.swift; path = DashboardInitializer.swift; sourceTree = "<group>"; };
		2F4F517B81426294B460DB7D /* DashboardPresenter.swift */ = {isa = PBXFileReference; includeInIndex = 1; lastKnownFileType = sourcecode.swift; path = DashboardPresenter.swift; sourceTree = "<group>"; };
		33BCFDDD7DE6C71815F65F00 /* DashboardViewController.swift */ = {isa = PBXFileReference; includeInIndex = 1; lastKnownFileType = sourcecode.swift; path = DashboardViewController.swift; sourceTree = "<group>"; };
		4A185A3833E943DCE6034784 /* DashboardPresenterTests.swift */ = {isa = PBXFileReference; includeInIndex = 1; lastKnownFileType = sourcecode.swift; path = DashboardPresenterTests.swift; sourceTree = "<group>"; };
		4C68669623B6FBE0001E164F /* WhipMobility.app */ = {isa = PBXFileReference; explicitFileType = wrapper.application; includeInIndex = 0; path = WhipMobility.app; sourceTree = BUILT_PRODUCTS_DIR; };
		4C68669923B6FBE0001E164F /* AppDelegate.swift */ = {isa = PBXFileReference; lastKnownFileType = sourcecode.swift; path = AppDelegate.swift; sourceTree = "<group>"; };
		4C68669B23B6FBE0001E164F /* SceneDelegate.swift */ = {isa = PBXFileReference; lastKnownFileType = sourcecode.swift; path = SceneDelegate.swift; sourceTree = "<group>"; };
		4C6866A023B6FBE0001E164F /* Base */ = {isa = PBXFileReference; lastKnownFileType = file.storyboard; name = Base; path = Base.lproj/Main.storyboard; sourceTree = "<group>"; };
		4C6866A223B6FBE4001E164F /* Assets.xcassets */ = {isa = PBXFileReference; lastKnownFileType = folder.assetcatalog; path = Assets.xcassets; sourceTree = "<group>"; };
		4C6866A523B6FBE4001E164F /* Base */ = {isa = PBXFileReference; lastKnownFileType = file.storyboard; name = Base; path = Base.lproj/LaunchScreen.storyboard; sourceTree = "<group>"; };
		4C6866A723B6FBE4001E164F /* Info.plist */ = {isa = PBXFileReference; lastKnownFileType = text.plist.xml; path = Info.plist; sourceTree = "<group>"; };
		4C6866AC23B6FBE5001E164F /* WhipMobilityTests.xctest */ = {isa = PBXFileReference; explicitFileType = wrapper.cfbundle; includeInIndex = 0; path = WhipMobilityTests.xctest; sourceTree = BUILT_PRODUCTS_DIR; };
		4C6866B023B6FBE5001E164F /* WhipMobilityTests.swift */ = {isa = PBXFileReference; lastKnownFileType = sourcecode.swift; path = WhipMobilityTests.swift; sourceTree = "<group>"; };
		4C6866B223B6FBE5001E164F /* Info.plist */ = {isa = PBXFileReference; lastKnownFileType = text.plist.xml; path = Info.plist; sourceTree = "<group>"; };
		4C6866B723B6FBE5001E164F /* WhipMobilityUITests.xctest */ = {isa = PBXFileReference; explicitFileType = wrapper.cfbundle; includeInIndex = 0; path = WhipMobilityUITests.xctest; sourceTree = BUILT_PRODUCTS_DIR; };
		4C6866BB23B6FBE5001E164F /* WhipMobilityUITests.swift */ = {isa = PBXFileReference; lastKnownFileType = sourcecode.swift; path = WhipMobilityUITests.swift; sourceTree = "<group>"; };
		4C6866BD23B6FBE5001E164F /* Info.plist */ = {isa = PBXFileReference; lastKnownFileType = text.plist.xml; path = Info.plist; sourceTree = "<group>"; };
		4C68671A23B738B3001E164F /* ServiceItems.swift */ = {isa = PBXFileReference; fileEncoding = 4; lastKnownFileType = sourcecode.swift; path = ServiceItems.swift; sourceTree = "<group>"; };
		4C68671B23B738B4001E164F /* Data.swift */ = {isa = PBXFileReference; fileEncoding = 4; lastKnownFileType = sourcecode.swift; path = Data.swift; sourceTree = "<group>"; };
		4C68671C23B738B4001E164F /* LineItems.swift */ = {isa = PBXFileReference; fileEncoding = 4; lastKnownFileType = sourcecode.swift; path = LineItems.swift; sourceTree = "<group>"; };
		4C68671D23B738B4001E164F /* Analytics.swift */ = {isa = PBXFileReference; fileEncoding = 4; lastKnownFileType = sourcecode.swift; path = Analytics.swift; sourceTree = "<group>"; };
		4C68671E23B738B5001E164F /* JobItems.swift */ = {isa = PBXFileReference; fileEncoding = 4; lastKnownFileType = sourcecode.swift; path = JobItems.swift; sourceTree = "<group>"; };
		4C68671F23B738B5001E164F /* Rating.swift */ = {isa = PBXFileReference; fileEncoding = 4; lastKnownFileType = sourcecode.swift; path = Rating.swift; sourceTree = "<group>"; };
		4C68672023B738B5001E164F /* PieChartItems.swift */ = {isa = PBXFileReference; fileEncoding = 4; lastKnownFileType = sourcecode.swift; path = PieChartItems.swift; sourceTree = "<group>"; };
		4C68672123B738B6001E164F /* LineCharts.swift */ = {isa = PBXFileReference; fileEncoding = 4; lastKnownFileType = sourcecode.swift; path = LineCharts.swift; sourceTree = "<group>"; };
		4C68672223B738B6001E164F /* Response.swift */ = {isa = PBXFileReference; fileEncoding = 4; lastKnownFileType = sourcecode.swift; path = Response.swift; sourceTree = "<group>"; };
		4C68672323B738B7001E164F /* DashboardModel.swift */ = {isa = PBXFileReference; fileEncoding = 4; lastKnownFileType = sourcecode.swift; path = DashboardModel.swift; sourceTree = "<group>"; };
		4C68672423B738B7001E164F /* Job.swift */ = {isa = PBXFileReference; fileEncoding = 4; lastKnownFileType = sourcecode.swift; path = Job.swift; sourceTree = "<group>"; };
		4C68672523B738B7001E164F /* Service.swift */ = {isa = PBXFileReference; fileEncoding = 4; lastKnownFileType = sourcecode.swift; path = Service.swift; sourceTree = "<group>"; };
		4C68672623B738B8001E164F /* Value.swift */ = {isa = PBXFileReference; fileEncoding = 4; lastKnownFileType = sourcecode.swift; path = Value.swift; sourceTree = "<group>"; };
		4C68672723B738B8001E164F /* RatingItems.swift */ = {isa = PBXFileReference; fileEncoding = 4; lastKnownFileType = sourcecode.swift; path = RatingItems.swift; sourceTree = "<group>"; };
		4C68672823B738B9001E164F /* PieCharts.swift */ = {isa = PBXFileReference; fileEncoding = 4; lastKnownFileType = sourcecode.swift; path = PieCharts.swift; sourceTree = "<group>"; };
		4C68673823B739EF001E164F /* DataManager.swift */ = {isa = PBXFileReference; lastKnownFileType = sourcecode.swift; path = DataManager.swift; sourceTree = "<group>"; };
		52CF54FDFF0FBFEBAC3E1606 /* DashboardInteractorInput.swift */ = {isa = PBXFileReference; includeInIndex = 1; lastKnownFileType = sourcecode.swift; path = DashboardInteractorInput.swift; sourceTree = "<group>"; };
		56B94D6C74E0D1FC078A4000 /* DashboardViewTests.swift */ = {isa = PBXFileReference; includeInIndex = 1; lastKnownFileType = sourcecode.swift; path = DashboardViewTests.swift; sourceTree = "<group>"; };
		6AB3BE250CF47826B1862DA5 /* DashboardViewInput.swift */ = {isa = PBXFileReference; includeInIndex = 1; lastKnownFileType = sourcecode.swift; path = DashboardViewInput.swift; sourceTree = "<group>"; };
		86AF6FE035F6B2ECEF62B6CE /* DashboardRouter.swift */ = {isa = PBXFileReference; includeInIndex = 1; lastKnownFileType = sourcecode.swift; path = DashboardRouter.swift; sourceTree = "<group>"; };
		A3B0919C8A5BC6DEFEA3CA10 /* DashboardRouterTests.swift */ = {isa = PBXFileReference; includeInIndex = 1; lastKnownFileType = sourcecode.swift; path = DashboardRouterTests.swift; sourceTree = "<group>"; };
		A64376CFF2FCE63381BB0558 /* DashboardInteractor.swift */ = {isa = PBXFileReference; includeInIndex = 1; lastKnownFileType = sourcecode.swift; path = DashboardInteractor.swift; sourceTree = "<group>"; };
		B131DAC2BD35042436C22C8D /* DashboardModuleInput.swift */ = {isa = PBXFileReference; includeInIndex = 1; lastKnownFileType = sourcecode.swift; path = DashboardModuleInput.swift; sourceTree = "<group>"; };
		B52EBA977520705F9F9BBB11 /* DashboardInteractorTests.swift */ = {isa = PBXFileReference; includeInIndex = 1; lastKnownFileType = sourcecode.swift; path = DashboardInteractorTests.swift; sourceTree = "<group>"; };
		BBE8C4EC7887A5B3644E22EF /* DashboardRouterInput.swift */ = {isa = PBXFileReference; includeInIndex = 1; lastKnownFileType = sourcecode.swift; path = DashboardRouterInput.swift; sourceTree = "<group>"; };
		F851AC5669F46304709E2874 /* DashboardConfigurator.swift */ = {isa = PBXFileReference; includeInIndex = 1; lastKnownFileType = sourcecode.swift; path = DashboardConfigurator.swift; sourceTree = "<group>"; };
/* End PBXFileReference section */

/* Begin PBXFrameworksBuildPhase section */
		4C68669323B6FBE0001E164F /* Frameworks */ = {
			isa = PBXFrameworksBuildPhase;
			buildActionMask = 2147483647;
			files = (
			);
			runOnlyForDeploymentPostprocessing = 0;
		};
		4C6866A923B6FBE5001E164F /* Frameworks */ = {
			isa = PBXFrameworksBuildPhase;
			buildActionMask = 2147483647;
			files = (
			);
			runOnlyForDeploymentPostprocessing = 0;
		};
		4C6866B423B6FBE5001E164F /* Frameworks */ = {
			isa = PBXFrameworksBuildPhase;
			buildActionMask = 2147483647;
			files = (
			);
			runOnlyForDeploymentPostprocessing = 0;
		};
/* End PBXFrameworksBuildPhase section */

/* Begin PBXGroup section */
		008145CF30E9CD7FD0CA1FE5 /* Configurator */ = {
			isa = PBXGroup;
			children = (
				F851AC5669F46304709E2874 /* DashboardConfigurator.swift */,
				22B089365B7937B4F0A959D1 /* DashboardInitializer.swift */,
			);
			path = Configurator;
			sourceTree = "<group>";
		};
		4C68668D23B6FBDF001E164F = {
			isa = PBXGroup;
			children = (
				4C68669823B6FBE0001E164F /* WhipMobility */,
				4C6866AF23B6FBE5001E164F /* WhipMobilityTests */,
				4C6866BA23B6FBE5001E164F /* WhipMobilityUITests */,
				4C68669723B6FBE0001E164F /* Products */,
			);
			sourceTree = "<group>";
		};
		4C68669723B6FBE0001E164F /* Products */ = {
			isa = PBXGroup;
			children = (
				4C68669623B6FBE0001E164F /* WhipMobility.app */,
				4C6866AC23B6FBE5001E164F /* WhipMobilityTests.xctest */,
				4C6866B723B6FBE5001E164F /* WhipMobilityUITests.xctest */,
			);
			name = Products;
			sourceTree = "<group>";
		};
		4C68669823B6FBE0001E164F /* WhipMobility */ = {
			isa = PBXGroup;
			children = (
				4C6866C923B70044001E164F /* Default Classes */,
				4C68673A23B73A13001E164F /* CommonClasses */,
				9FA7FD3EAAA79110D913021B /* Dashboard */,
				4C6866CA23B7031C001E164F /* Dashboard Model */,
				4C68669F23B6FBE0001E164F /* Main.storyboard */,
				4C6866A223B6FBE4001E164F /* Assets.xcassets */,
				4C6866A423B6FBE4001E164F /* LaunchScreen.storyboard */,
				4C6866A723B6FBE4001E164F /* Info.plist */,
			);
			path = WhipMobility;
			sourceTree = "<group>";
		};
		4C6866AF23B6FBE5001E164F /* WhipMobilityTests */ = {
			isa = PBXGroup;
			children = (
				4C6866B023B6FBE5001E164F /* WhipMobilityTests.swift */,
				4C6866B223B6FBE5001E164F /* Info.plist */,
				D9195A4F8331C656BB560E38 /* Dashboard */,
			);
			path = WhipMobilityTests;
			sourceTree = "<group>";
		};
		4C6866BA23B6FBE5001E164F /* WhipMobilityUITests */ = {
			isa = PBXGroup;
			children = (
				4C6866BB23B6FBE5001E164F /* WhipMobilityUITests.swift */,
				4C6866BD23B6FBE5001E164F /* Info.plist */,
			);
			path = WhipMobilityUITests;
			sourceTree = "<group>";
		};
		4C6866C923B70044001E164F /* Default Classes */ = {
			isa = PBXGroup;
			children = (
				4C68669923B6FBE0001E164F /* AppDelegate.swift */,
				4C68669B23B6FBE0001E164F /* SceneDelegate.swift */,
			);
			path = "Default Classes";
			sourceTree = "<group>";
		};
		4C6866CA23B7031C001E164F /* Dashboard Model */ = {
			isa = PBXGroup;
			children = (
				4C68671D23B738B4001E164F /* Analytics.swift */,
				4C68671B23B738B4001E164F /* Data.swift */,
				4C68672423B738B7001E164F /* Job.swift */,
				4C68671E23B738B5001E164F /* JobItems.swift */,
				4C68672323B738B7001E164F /* DashboardModel.swift */,
				4C68672123B738B6001E164F /* LineCharts.swift */,
				4C68671C23B738B4001E164F /* LineItems.swift */,
				4C68672023B738B5001E164F /* PieChartItems.swift */,
				4C68672823B738B9001E164F /* PieCharts.swift */,
				4C68671F23B738B5001E164F /* Rating.swift */,
				4C68672723B738B8001E164F /* RatingItems.swift */,
				4C68672223B738B6001E164F /* Response.swift */,
				4C68672523B738B7001E164F /* Service.swift */,
				4C68671A23B738B3001E164F /* ServiceItems.swift */,
				4C68672623B738B8001E164F /* Value.swift */,
			);
			path = "Dashboard Model";
			sourceTree = "<group>";
		};
		4C68673A23B73A13001E164F /* CommonClasses */ = {
			isa = PBXGroup;
			children = (
				4C68673823B739EF001E164F /* DataManager.swift */,
			);
			path = CommonClasses;
			sourceTree = "<group>";
		};
		5A728BEDFDCDA5C5E00B35E6 /* View */ = {
			isa = PBXGroup;
			children = (
				6AB3BE250CF47826B1862DA5 /* DashboardViewInput.swift */,
				0A5B3566379283D14844D8DC /* DashboardViewOutput.swift */,
				33BCFDDD7DE6C71815F65F00 /* DashboardViewController.swift */,
			);
			path = View;
			sourceTree = "<group>";
		};
		5C3F64A77D83FA9C420D6C19 /* Interactor */ = {
			isa = PBXGroup;
			children = (
				52CF54FDFF0FBFEBAC3E1606 /* DashboardInteractorInput.swift */,
				0F7DDE85DF50826B43524F05 /* DashboardInteractorOutput.swift */,
				A64376CFF2FCE63381BB0558 /* DashboardInteractor.swift */,
			);
			path = Interactor;
			sourceTree = "<group>";
		};
		6221812D535623F69E03D941 /* Router */ = {
			isa = PBXGroup;
			children = (
				A3B0919C8A5BC6DEFEA3CA10 /* DashboardRouterTests.swift */,
			);
			path = Router;
			sourceTree = "<group>";
		};
		87C1B90D25FE12F022DA4331 /* Presenter */ = {
			isa = PBXGroup;
			children = (
				4A185A3833E943DCE6034784 /* DashboardPresenterTests.swift */,
			);
			path = Presenter;
			sourceTree = "<group>";
		};
		87E1ABE099AF75331DECB35B /* Configurator */ = {
			isa = PBXGroup;
			children = (
				0E3AF9CD6338485AF7DA188E /* DashboardConfiguratorTests.swift */,
			);
			path = Configurator;
			sourceTree = "<group>";
		};
		96729AE22DF867060A93ACE5 /* Interactor */ = {
			isa = PBXGroup;
			children = (
				B52EBA977520705F9F9BBB11 /* DashboardInteractorTests.swift */,
			);
			path = Interactor;
			sourceTree = "<group>";
		};
		9FA7FD3EAAA79110D913021B /* Dashboard */ = {
			isa = PBXGroup;
			children = (
				5A728BEDFDCDA5C5E00B35E6 /* View */,
				EE47609215E36DDB90F65418 /* Presenter */,
				5C3F64A77D83FA9C420D6C19 /* Interactor */,
				F75C2688FDA4BC51B2EC520D /* Router */,
				008145CF30E9CD7FD0CA1FE5 /* Configurator */,
			);
			path = Dashboard;
			sourceTree = "<group>";
		};
		D2BB14841F978B15A2935AA3 /* View */ = {
			isa = PBXGroup;
			children = (
				56B94D6C74E0D1FC078A4000 /* DashboardViewTests.swift */,
			);
			path = View;
			sourceTree = "<group>";
		};
		D9195A4F8331C656BB560E38 /* Dashboard */ = {
			isa = PBXGroup;
			children = (
				87E1ABE099AF75331DECB35B /* Configurator */,
				D2BB14841F978B15A2935AA3 /* View */,
				96729AE22DF867060A93ACE5 /* Interactor */,
				87C1B90D25FE12F022DA4331 /* Presenter */,
				6221812D535623F69E03D941 /* Router */,
			);
			path = Dashboard;
			sourceTree = "<group>";
		};
		EE47609215E36DDB90F65418 /* Presenter */ = {
			isa = PBXGroup;
			children = (
				B131DAC2BD35042436C22C8D /* DashboardModuleInput.swift */,
				2F4F517B81426294B460DB7D /* DashboardPresenter.swift */,
			);
			path = Presenter;
			sourceTree = "<group>";
		};
		F75C2688FDA4BC51B2EC520D /* Router */ = {
			isa = PBXGroup;
			children = (
				BBE8C4EC7887A5B3644E22EF /* DashboardRouterInput.swift */,
				86AF6FE035F6B2ECEF62B6CE /* DashboardRouter.swift */,
			);
			path = Router;
			sourceTree = "<group>";
		};
/* End PBXGroup section */

/* Begin PBXNativeTarget section */
		4C68669523B6FBE0001E164F /* WhipMobility */ = {
			isa = PBXNativeTarget;
			buildConfigurationList = 4C6866C023B6FBE5001E164F /* Build configuration list for PBXNativeTarget "WhipMobility" */;
			buildPhases = (
				4C68669223B6FBE0001E164F /* Sources */,
				4C68669323B6FBE0001E164F /* Frameworks */,
				4C68669423B6FBE0001E164F /* Resources */,
			);
			buildRules = (
			);
			dependencies = (
			);
			name = WhipMobility;
			productName = WhipMobility;
			productReference = 4C68669623B6FBE0001E164F /* WhipMobility.app */;
			productType = "com.apple.product-type.application";
		};
		4C6866AB23B6FBE5001E164F /* WhipMobilityTests */ = {
			isa = PBXNativeTarget;
			buildConfigurationList = 4C6866C323B6FBE5001E164F /* Build configuration list for PBXNativeTarget "WhipMobilityTests" */;
			buildPhases = (
				4C6866A823B6FBE5001E164F /* Sources */,
				4C6866A923B6FBE5001E164F /* Frameworks */,
				4C6866AA23B6FBE5001E164F /* Resources */,
			);
			buildRules = (
			);
			dependencies = (
				4C6866AE23B6FBE5001E164F /* PBXTargetDependency */,
			);
			name = WhipMobilityTests;
			productName = WhipMobilityTests;
			productReference = 4C6866AC23B6FBE5001E164F /* WhipMobilityTests.xctest */;
			productType = "com.apple.product-type.bundle.unit-test";
		};
		4C6866B623B6FBE5001E164F /* WhipMobilityUITests */ = {
			isa = PBXNativeTarget;
			buildConfigurationList = 4C6866C623B6FBE5001E164F /* Build configuration list for PBXNativeTarget "WhipMobilityUITests" */;
			buildPhases = (
				4C6866B323B6FBE5001E164F /* Sources */,
				4C6866B423B6FBE5001E164F /* Frameworks */,
				4C6866B523B6FBE5001E164F /* Resources */,
			);
			buildRules = (
			);
			dependencies = (
				4C6866B923B6FBE5001E164F /* PBXTargetDependency */,
			);
			name = WhipMobilityUITests;
			productName = WhipMobilityUITests;
			productReference = 4C6866B723B6FBE5001E164F /* WhipMobilityUITests.xctest */;
			productType = "com.apple.product-type.bundle.ui-testing";
		};
/* End PBXNativeTarget section */

/* Begin PBXProject section */
		4C68668E23B6FBE0001E164F /* Project object */ = {
			isa = PBXProject;
			attributes = {
				LastSwiftUpdateCheck = 1130;
				LastUpgradeCheck = 1130;
				ORGANIZATIONNAME = "Mobiversa Sdn. Bhd.";
				TargetAttributes = {
					4C68669523B6FBE0001E164F = {
						CreatedOnToolsVersion = 11.3;
					};
					4C6866AB23B6FBE5001E164F = {
						CreatedOnToolsVersion = 11.3;
						TestTargetID = 4C68669523B6FBE0001E164F;
					};
					4C6866B623B6FBE5001E164F = {
						CreatedOnToolsVersion = 11.3;
						TestTargetID = 4C68669523B6FBE0001E164F;
					};
				};
			};
			buildConfigurationList = 4C68669123B6FBE0001E164F /* Build configuration list for PBXProject "WhipMobility" */;
			compatibilityVersion = "Xcode 9.3";
			developmentRegion = en;
			hasScannedForEncodings = 0;
			knownRegions = (
				en,
				Base,
			);
			mainGroup = 4C68668D23B6FBDF001E164F;
			productRefGroup = 4C68669723B6FBE0001E164F /* Products */;
			projectDirPath = "";
			projectRoot = "";
			targets = (
				4C68669523B6FBE0001E164F /* WhipMobility */,
				4C6866AB23B6FBE5001E164F /* WhipMobilityTests */,
				4C6866B623B6FBE5001E164F /* WhipMobilityUITests */,
			);
		};
/* End PBXProject section */

/* Begin PBXResourcesBuildPhase section */
		4C68669423B6FBE0001E164F /* Resources */ = {
			isa = PBXResourcesBuildPhase;
			buildActionMask = 2147483647;
			files = (
				4C6866A623B6FBE4001E164F /* LaunchScreen.storyboard in Resources */,
				4C6866A323B6FBE4001E164F /* Assets.xcassets in Resources */,
				4C6866A123B6FBE0001E164F /* Main.storyboard in Resources */,
			);
			runOnlyForDeploymentPostprocessing = 0;
		};
		4C6866AA23B6FBE5001E164F /* Resources */ = {
			isa = PBXResourcesBuildPhase;
			buildActionMask = 2147483647;
			files = (
			);
			runOnlyForDeploymentPostprocessing = 0;
		};
		4C6866B523B6FBE5001E164F /* Resources */ = {
			isa = PBXResourcesBuildPhase;
			buildActionMask = 2147483647;
			files = (
			);
			runOnlyForDeploymentPostprocessing = 0;
		};
/* End PBXResourcesBuildPhase section */

/* Begin PBXSourcesBuildPhase section */
		4C68669223B6FBE0001E164F /* Sources */ = {
			isa = PBXSourcesBuildPhase;
			buildActionMask = 2147483647;
			files = (
				4C68672923B738B9001E164F /* ServiceItems.swift in Sources */,
				4C68673923B739EF001E164F /* DataManager.swift in Sources */,
				4C68673423B738B9001E164F /* Service.swift in Sources */,
				4C68669A23B6FBE0001E164F /* AppDelegate.swift in Sources */,
				4C68672B23B738B9001E164F /* LineItems.swift in Sources */,
				4C68673723B738B9001E164F /* PieCharts.swift in Sources */,
				4C68669C23B6FBE0001E164F /* SceneDelegate.swift in Sources */,
				4C68673523B738B9001E164F /* Value.swift in Sources */,
				497AFCEF54BFE0328155DBF3 /* DashboardViewInput.swift in Sources */,
				4C68673623B738B9001E164F /* RatingItems.swift in Sources */,
				4C68673223B738B9001E164F /* DashboardModel.swift in Sources */,
				B25619E6B2E9108D0E587B79 /* DashboardViewOutput.swift in Sources */,
				4C68673023B738B9001E164F /* LineCharts.swift in Sources */,
				257E793E304BEE79AA53B760 /* DashboardViewController.swift in Sources */,
				CFD0627FF396469A60EC6364 /* DashboardModuleInput.swift in Sources */,
				4C68672C23B738B9001E164F /* Analytics.swift in Sources */,
				98F2C2FEA8A9A4165145A4C1 /* DashboardPresenter.swift in Sources */,
				7C9756A30E3A8AE15583F9A1 /* DashboardInteractorInput.swift in Sources */,
				AD01C56A31D511D0C7F913A6 /* DashboardInteractorOutput.swift in Sources */,
				4C68672E23B738B9001E164F /* Rating.swift in Sources */,
				4C68672D23B738B9001E164F /* JobItems.swift in Sources */,
				FD40D05C773E3DAC30C5E3CD /* DashboardInteractor.swift in Sources */,
				4C68672F23B738B9001E164F /* PieChartItems.swift in Sources */,
				CCCB0346FEFD962291A957CD /* DashboardRouterInput.swift in Sources */,
				5399E0DD2D2AF3A8C74D966F /* DashboardRouter.swift in Sources */,
				94458073E1F46B30548CFFC0 /* DashboardConfigurator.swift in Sources */,
				4C68673123B738B9001E164F /* Response.swift in Sources */,
				A9AD22050FF1FE3B88607D20 /* DashboardInitializer.swift in Sources */,
				4C68672A23B738B9001E164F /* Data.swift in Sources */,
				4C68673323B738B9001E164F /* Job.swift in Sources */,
			);
			runOnlyForDeploymentPostprocessing = 0;
		};
		4C6866A823B6FBE5001E164F /* Sources */ = {
			isa = PBXSourcesBuildPhase;
			buildActionMask = 2147483647;
			files = (
				4C6866B123B6FBE5001E164F /* WhipMobilityTests.swift in Sources */,
				6ED0FE9C22EC1C83B4B73BA0 /* DashboardConfiguratorTests.swift in Sources */,
				B03F9C34FDC103B77CF4F045 /* DashboardViewTests.swift in Sources */,
				F43918C9EF24534E5E54B2CB /* DashboardInteractorTests.swift in Sources */,
				D2B779C97C0664E9E410A294 /* DashboardPresenterTests.swift in Sources */,
				BE3FD21CE71B4739D0B32518 /* DashboardRouterTests.swift in Sources */,
			);
			runOnlyForDeploymentPostprocessing = 0;
		};
		4C6866B323B6FBE5001E164F /* Sources */ = {
			isa = PBXSourcesBuildPhase;
			buildActionMask = 2147483647;
			files = (
				4C6866BC23B6FBE5001E164F /* WhipMobilityUITests.swift in Sources */,
			);
			runOnlyForDeploymentPostprocessing = 0;
		};
/* End PBXSourcesBuildPhase section */

/* Begin PBXTargetDependency section */
		4C6866AE23B6FBE5001E164F /* PBXTargetDependency */ = {
			isa = PBXTargetDependency;
			target = 4C68669523B6FBE0001E164F /* WhipMobility */;
			targetProxy = 4C6866AD23B6FBE5001E164F /* PBXContainerItemProxy */;
		};
		4C6866B923B6FBE5001E164F /* PBXTargetDependency */ = {
			isa = PBXTargetDependency;
			target = 4C68669523B6FBE0001E164F /* WhipMobility */;
			targetProxy = 4C6866B823B6FBE5001E164F /* PBXContainerItemProxy */;
		};
/* End PBXTargetDependency section */

/* Begin PBXVariantGroup section */
		4C68669F23B6FBE0001E164F /* Main.storyboard */ = {
			isa = PBXVariantGroup;
			children = (
				4C6866A023B6FBE0001E164F /* Base */,
			);
			name = Main.storyboard;
			sourceTree = "<group>";
		};
		4C6866A423B6FBE4001E164F /* LaunchScreen.storyboard */ = {
			isa = PBXVariantGroup;
			children = (
				4C6866A523B6FBE4001E164F /* Base */,
			);
			name = LaunchScreen.storyboard;
			sourceTree = "<group>";
		};
/* End PBXVariantGroup section */

/* Begin XCBuildConfiguration section */
		4C6866BE23B6FBE5001E164F /* Debug */ = {
			isa = XCBuildConfiguration;
			buildSettings = {
				ALWAYS_SEARCH_USER_PATHS = NO;
				CLANG_ANALYZER_NONNULL = YES;
				CLANG_ANALYZER_NUMBER_OBJECT_CONVERSION = YES_AGGRESSIVE;
				CLANG_CXX_LANGUAGE_STANDARD = "gnu++14";
				CLANG_CXX_LIBRARY = "libc++";
				CLANG_ENABLE_MODULES = YES;
				CLANG_ENABLE_OBJC_ARC = YES;
				CLANG_ENABLE_OBJC_WEAK = YES;
				CLANG_WARN_BLOCK_CAPTURE_AUTORELEASING = YES;
				CLANG_WARN_BOOL_CONVERSION = YES;
				CLANG_WARN_COMMA = YES;
				CLANG_WARN_CONSTANT_CONVERSION = YES;
				CLANG_WARN_DEPRECATED_OBJC_IMPLEMENTATIONS = YES;
				CLANG_WARN_DIRECT_OBJC_ISA_USAGE = YES_ERROR;
				CLANG_WARN_DOCUMENTATION_COMMENTS = YES;
				CLANG_WARN_EMPTY_BODY = YES;
				CLANG_WARN_ENUM_CONVERSION = YES;
				CLANG_WARN_INFINITE_RECURSION = YES;
				CLANG_WARN_INT_CONVERSION = YES;
				CLANG_WARN_NON_LITERAL_NULL_CONVERSION = YES;
				CLANG_WARN_OBJC_IMPLICIT_RETAIN_SELF = YES;
				CLANG_WARN_OBJC_LITERAL_CONVERSION = YES;
				CLANG_WARN_OBJC_ROOT_CLASS = YES_ERROR;
				CLANG_WARN_RANGE_LOOP_ANALYSIS = YES;
				CLANG_WARN_STRICT_PROTOTYPES = YES;
				CLANG_WARN_SUSPICIOUS_MOVE = YES;
				CLANG_WARN_UNGUARDED_AVAILABILITY = YES_AGGRESSIVE;
				CLANG_WARN_UNREACHABLE_CODE = YES;
				CLANG_WARN__DUPLICATE_METHOD_MATCH = YES;
				COPY_PHASE_STRIP = NO;
				DEBUG_INFORMATION_FORMAT = dwarf;
				ENABLE_STRICT_OBJC_MSGSEND = YES;
				ENABLE_TESTABILITY = YES;
				GCC_C_LANGUAGE_STANDARD = gnu11;
				GCC_DYNAMIC_NO_PIC = NO;
				GCC_NO_COMMON_BLOCKS = YES;
				GCC_OPTIMIZATION_LEVEL = 0;
				GCC_PREPROCESSOR_DEFINITIONS = (
					"DEBUG=1",
					"$(inherited)",
				);
				GCC_WARN_64_TO_32_BIT_CONVERSION = YES;
				GCC_WARN_ABOUT_RETURN_TYPE = YES_ERROR;
				GCC_WARN_UNDECLARED_SELECTOR = YES;
				GCC_WARN_UNINITIALIZED_AUTOS = YES_AGGRESSIVE;
				GCC_WARN_UNUSED_FUNCTION = YES;
				GCC_WARN_UNUSED_VARIABLE = YES;
				IPHONEOS_DEPLOYMENT_TARGET = 13.2;
				MTL_ENABLE_DEBUG_INFO = INCLUDE_SOURCE;
				MTL_FAST_MATH = YES;
				ONLY_ACTIVE_ARCH = YES;
				SDKROOT = iphoneos;
				SWIFT_ACTIVE_COMPILATION_CONDITIONS = DEBUG;
				SWIFT_OPTIMIZATION_LEVEL = "-Onone";
			};
			name = Debug;
		};
		4C6866BF23B6FBE5001E164F /* Release */ = {
			isa = XCBuildConfiguration;
			buildSettings = {
				ALWAYS_SEARCH_USER_PATHS = NO;
				CLANG_ANALYZER_NONNULL = YES;
				CLANG_ANALYZER_NUMBER_OBJECT_CONVERSION = YES_AGGRESSIVE;
				CLANG_CXX_LANGUAGE_STANDARD = "gnu++14";
				CLANG_CXX_LIBRARY = "libc++";
				CLANG_ENABLE_MODULES = YES;
				CLANG_ENABLE_OBJC_ARC = YES;
				CLANG_ENABLE_OBJC_WEAK = YES;
				CLANG_WARN_BLOCK_CAPTURE_AUTORELEASING = YES;
				CLANG_WARN_BOOL_CONVERSION = YES;
				CLANG_WARN_COMMA = YES;
				CLANG_WARN_CONSTANT_CONVERSION = YES;
				CLANG_WARN_DEPRECATED_OBJC_IMPLEMENTATIONS = YES;
				CLANG_WARN_DIRECT_OBJC_ISA_USAGE = YES_ERROR;
				CLANG_WARN_DOCUMENTATION_COMMENTS = YES;
				CLANG_WARN_EMPTY_BODY = YES;
				CLANG_WARN_ENUM_CONVERSION = YES;
				CLANG_WARN_INFINITE_RECURSION = YES;
				CLANG_WARN_INT_CONVERSION = YES;
				CLANG_WARN_NON_LITERAL_NULL_CONVERSION = YES;
				CLANG_WARN_OBJC_IMPLICIT_RETAIN_SELF = YES;
				CLANG_WARN_OBJC_LITERAL_CONVERSION = YES;
				CLANG_WARN_OBJC_ROOT_CLASS = YES_ERROR;
				CLANG_WARN_RANGE_LOOP_ANALYSIS = YES;
				CLANG_WARN_STRICT_PROTOTYPES = YES;
				CLANG_WARN_SUSPICIOUS_MOVE = YES;
				CLANG_WARN_UNGUARDED_AVAILABILITY = YES_AGGRESSIVE;
				CLANG_WARN_UNREACHABLE_CODE = YES;
				CLANG_WARN__DUPLICATE_METHOD_MATCH = YES;
				COPY_PHASE_STRIP = NO;
				DEBUG_INFORMATION_FORMAT = "dwarf-with-dsym";
				ENABLE_NS_ASSERTIONS = NO;
				ENABLE_STRICT_OBJC_MSGSEND = YES;
				GCC_C_LANGUAGE_STANDARD = gnu11;
				GCC_NO_COMMON_BLOCKS = YES;
				GCC_WARN_64_TO_32_BIT_CONVERSION = YES;
				GCC_WARN_ABOUT_RETURN_TYPE = YES_ERROR;
				GCC_WARN_UNDECLARED_SELECTOR = YES;
				GCC_WARN_UNINITIALIZED_AUTOS = YES_AGGRESSIVE;
				GCC_WARN_UNUSED_FUNCTION = YES;
				GCC_WARN_UNUSED_VARIABLE = YES;
				IPHONEOS_DEPLOYMENT_TARGET = 13.2;
				MTL_ENABLE_DEBUG_INFO = NO;
				MTL_FAST_MATH = YES;
				SDKROOT = iphoneos;
				SWIFT_COMPILATION_MODE = wholemodule;
				SWIFT_OPTIMIZATION_LEVEL = "-O";
				VALIDATE_PRODUCT = YES;
			};
			name = Release;
		};
		4C6866C123B6FBE5001E164F /* Debug */ = {
			isa = XCBuildConfiguration;
			buildSettings = {
				ASSETCATALOG_COMPILER_APPICON_NAME = AppIcon;
				CODE_SIGN_STYLE = Automatic;
				DEVELOPMENT_TEAM = DCH3LZ8KA7;
				INFOPLIST_FILE = WhipMobility/Info.plist;
				LD_RUNPATH_SEARCH_PATHS = (
					"$(inherited)",
					"@executable_path/Frameworks",
				);
				PRODUCT_BUNDLE_IDENTIFIER = com.mobiversa.WhipMobility;
				PRODUCT_NAME = "$(TARGET_NAME)";
				SWIFT_VERSION = 5.0;
				TARGETED_DEVICE_FAMILY = "1,2";
			};
			name = Debug;
		};
		4C6866C223B6FBE5001E164F /* Release */ = {
			isa = XCBuildConfiguration;
			buildSettings = {
				ASSETCATALOG_COMPILER_APPICON_NAME = AppIcon;
				CODE_SIGN_STYLE = Automatic;
				DEVELOPMENT_TEAM = DCH3LZ8KA7;
				INFOPLIST_FILE = WhipMobility/Info.plist;
				LD_RUNPATH_SEARCH_PATHS = (
					"$(inherited)",
					"@executable_path/Frameworks",
				);
				PRODUCT_BUNDLE_IDENTIFIER = com.mobiversa.WhipMobility;
				PRODUCT_NAME = "$(TARGET_NAME)";
				SWIFT_VERSION = 5.0;
				TARGETED_DEVICE_FAMILY = "1,2";
			};
			name = Release;
		};
		4C6866C423B6FBE5001E164F /* Debug */ = {
			isa = XCBuildConfiguration;
			buildSettings = {
				ALWAYS_EMBED_SWIFT_STANDARD_LIBRARIES = YES;
				BUNDLE_LOADER = "$(TEST_HOST)";
				CODE_SIGN_STYLE = Automatic;
				DEVELOPMENT_TEAM = DCH3LZ8KA7;
				INFOPLIST_FILE = WhipMobilityTests/Info.plist;
				IPHONEOS_DEPLOYMENT_TARGET = 13.2;
				LD_RUNPATH_SEARCH_PATHS = (
					"$(inherited)",
					"@executable_path/Frameworks",
					"@loader_path/Frameworks",
				);
				PRODUCT_BUNDLE_IDENTIFIER = com.mobiversa.WhipMobilityTests;
				PRODUCT_NAME = "$(TARGET_NAME)";
				SWIFT_VERSION = 5.0;
				TARGETED_DEVICE_FAMILY = "1,2";
				TEST_HOST = "$(BUILT_PRODUCTS_DIR)/WhipMobility.app/WhipMobility";
			};
			name = Debug;
		};
		4C6866C523B6FBE5001E164F /* Release */ = {
			isa = XCBuildConfiguration;
			buildSettings = {
				ALWAYS_EMBED_SWIFT_STANDARD_LIBRARIES = YES;
				BUNDLE_LOADER = "$(TEST_HOST)";
				CODE_SIGN_STYLE = Automatic;
				DEVELOPMENT_TEAM = DCH3LZ8KA7;
				INFOPLIST_FILE = WhipMobilityTests/Info.plist;
				IPHONEOS_DEPLOYMENT_TARGET = 13.2;
				LD_RUNPATH_SEARCH_PATHS = (
					"$(inherited)",
					"@executable_path/Frameworks",
					"@loader_path/Frameworks",
				);
				PRODUCT_BUNDLE_IDENTIFIER = com.mobiversa.WhipMobilityTests;
				PRODUCT_NAME = "$(TARGET_NAME)";
				SWIFT_VERSION = 5.0;
				TARGETED_DEVICE_FAMILY = "1,2";
				TEST_HOST = "$(BUILT_PRODUCTS_DIR)/WhipMobility.app/WhipMobility";
			};
			name = Release;
		};
		4C6866C723B6FBE5001E164F /* Debug */ = {
			isa = XCBuildConfiguration;
			buildSettings = {
				ALWAYS_EMBED_SWIFT_STANDARD_LIBRARIES = YES;
				CODE_SIGN_STYLE = Automatic;
				DEVELOPMENT_TEAM = DCH3LZ8KA7;
				INFOPLIST_FILE = WhipMobilityUITests/Info.plist;
				LD_RUNPATH_SEARCH_PATHS = (
					"$(inherited)",
					"@executable_path/Frameworks",
					"@loader_path/Frameworks",
				);
				PRODUCT_BUNDLE_IDENTIFIER = com.mobiversa.WhipMobilityUITests;
				PRODUCT_NAME = "$(TARGET_NAME)";
				SWIFT_VERSION = 5.0;
				TARGETED_DEVICE_FAMILY = "1,2";
				TEST_TARGET_NAME = WhipMobility;
			};
			name = Debug;
		};
		4C6866C823B6FBE5001E164F /* Release */ = {
			isa = XCBuildConfiguration;
			buildSettings = {
				ALWAYS_EMBED_SWIFT_STANDARD_LIBRARIES = YES;
				CODE_SIGN_STYLE = Automatic;
				DEVELOPMENT_TEAM = DCH3LZ8KA7;
				INFOPLIST_FILE = WhipMobilityUITests/Info.plist;
				LD_RUNPATH_SEARCH_PATHS = (
					"$(inherited)",
					"@executable_path/Frameworks",
					"@loader_path/Frameworks",
				);
				PRODUCT_BUNDLE_IDENTIFIER = com.mobiversa.WhipMobilityUITests;
				PRODUCT_NAME = "$(TARGET_NAME)";
				SWIFT_VERSION = 5.0;
				TARGETED_DEVICE_FAMILY = "1,2";
				TEST_TARGET_NAME = WhipMobility;
			};
			name = Release;
		};
/* End XCBuildConfiguration section */

/* Begin XCConfigurationList section */
		4C68669123B6FBE0001E164F /* Build configuration list for PBXProject "WhipMobility" */ = {
			isa = XCConfigurationList;
			buildConfigurations = (
				4C6866BE23B6FBE5001E164F /* Debug */,
				4C6866BF23B6FBE5001E164F /* Release */,
			);
			defaultConfigurationIsVisible = 0;
			defaultConfigurationName = Release;
		};
		4C6866C023B6FBE5001E164F /* Build configuration list for PBXNativeTarget "WhipMobility" */ = {
			isa = XCConfigurationList;
			buildConfigurations = (
				4C6866C123B6FBE5001E164F /* Debug */,
				4C6866C223B6FBE5001E164F /* Release */,
			);
			defaultConfigurationIsVisible = 0;
			defaultConfigurationName = Release;
		};
		4C6866C323B6FBE5001E164F /* Build configuration list for PBXNativeTarget "WhipMobilityTests" */ = {
			isa = XCConfigurationList;
			buildConfigurations = (
				4C6866C423B6FBE5001E164F /* Debug */,
				4C6866C523B6FBE5001E164F /* Release */,
			);
			defaultConfigurationIsVisible = 0;
			defaultConfigurationName = Release;
		};
		4C6866C623B6FBE5001E164F /* Build configuration list for PBXNativeTarget "WhipMobilityUITests" */ = {
			isa = XCConfigurationList;
			buildConfigurations = (
				4C6866C723B6FBE5001E164F /* Debug */,
				4C6866C823B6FBE5001E164F /* Release */,
			);
			defaultConfigurationIsVisible = 0;
			defaultConfigurationName = Release;
		};
/* End XCConfigurationList section */
	};
	rootObject = 4C68668E23B6FBE0001E164F /* Project object */;
}
